{
  "requires": true,
  "lockfileVersion": 1,
  "dependencies": {
    "dc-flashcard": {
      "version": "0.0.1",
      "resolved": "https://registry.npmjs.org/dc-flashcard/-/dc-flashcard-0.0.1.tgz",
      "integrity": "sha512-6vk7Gk6yM+Ua9/Vvz3WSXMbpfuBfm1JchGfqBk/pyE/IN4vJs2hRIDMpmlpA1GaXWhV/gF/n6rD3JHSqD8dTuQ==",
      "requires": {
        "dc-thing": "^0.2.0"
      }
    },
    "dc-thing": {
      "version": "0.2.2",
      "resolved": "https://registry.npmjs.org/dc-thing/-/dc-thing-0.2.2.tgz",
      "integrity": "sha512-haWdRyNl5pM6oJNQ/VH9VO6rJZVSkBQHWEUgGrD/oD2PffNh3L4DbBGPfFQvjfl3GA2kXph9vPIyysqXS31omA==",
      "requires": {
        "lodash": "^4.17.4"
      }
    },
    "lodash": {
      "version": "4.17.21",
      "resolved": "https://registry.npmjs.org/lodash/-/lodash-4.17.21.tgz",
      "integrity": "sha512-v2kDEe57lecTulaDIuNTPy3Ry4gLGJ6Z1O3vE1krgXZNrsQ+LFTGHVxVjcXPs17LhbZVGedAJv8XZ1tvj5FvSg=="
    }
  }
}
